
Microsoft Visual Studio Solution File, Format Version 12.00
# Visual Studio 2012
Project("{FAE04EC0-301F-11D3-BF4B-00C04F79EFBC}") = "cameratesteasy", "cameratesteasy\cameratesteasy.csproj", "{EFB617C8-77A6-413C-ABEF-EB9D2E61AFEE}"
EndProject
Project("{FAE04EC0-301F-11D3-BF4B-00C04F79EFBC}") = "cameratesteasy.iOS", "iOS\cameratesteasy.iOS.csproj", "{FF8A92B2-D114-4690-8103-9DC74FDAC091}"
EndProject
Global
	GlobalSection(SolutionConfigurationPlatforms) = preSolution
		Debug|Any CPU = Debug|Any CPU
		Release|Any CPU = Release|Any CPU
		Debug|iPhoneSimulator = Debug|iPhoneSimulator
		Release|iPhone = Release|iPhone
		Release|iPhoneSimulator = Release|iPhoneSimulator
		Debug|iPhone = Debug|iPhone
	EndGlobalSection
	GlobalSection(ProjectConfigurationPlatforms) = postSolution
		{EFB617C8-77A6-413C-ABEF-EB9D2E61AFEE}.Debug|Any CPU.ActiveCfg = Debug|Any CPU
		{EFB617C8-77A6-413C-ABEF-EB9D2E61AFEE}.Debug|Any CPU.Build.0 = Debug|Any CPU
		{EFB617C8-77A6-413C-ABEF-EB9D2E61AFEE}.Release|Any CPU.ActiveCfg = Release|Any CPU
		{EFB617C8-77A6-413C-ABEF-EB9D2E61AFEE}.Release|Any CPU.Build.0 = Release|Any CPU
		{EFB617C8-77A6-413C-ABEF-EB9D2E61AFEE}.Debug|iPhoneSimulator.ActiveCfg = Debug|Any CPU
		{EFB617C8-77A6-413C-ABEF-EB9D2E61AFEE}.Debug|iPhoneSimulator.Build.0 = Debug|Any CPU
		{EFB617C8-77A6-413C-ABEF-EB9D2E61AFEE}.Release|iPhone.ActiveCfg = Release|Any CPU
		{EFB617C8-77A6-413C-ABEF-EB9D2E61AFEE}.Release|iPhone.Build.0 = Release|Any CPU
		{EFB617C8-77A6-413C-ABEF-EB9D2E61AFEE}.Release|iPhoneSimulator.ActiveCfg = Release|Any CPU
		{EFB617C8-77A6-413C-ABEF-EB9D2E61AFEE}.Release|iPhoneSimulator.Build.0 = Release|Any CPU
		{EFB617C8-77A6-413C-ABEF-EB9D2E61AFEE}.Debug|iPhone.ActiveCfg = Debug|Any CPU
		{EFB617C8-77A6-413C-ABEF-EB9D2E61AFEE}.Debug|iPhone.Build.0 = Debug|Any CPU
		{FF8A92B2-D114-4690-8103-9DC74FDAC091}.Debug|Any CPU.ActiveCfg = Debug|iPhoneSimulator
		{FF8A92B2-D114-4690-8103-9DC74FDAC091}.Debug|Any CPU.Build.0 = Debug|iPhoneSimulator
		{FF8A92B2-D114-4690-8103-9DC74FDAC091}.Release|Any CPU.ActiveCfg = Release|iPhone
		{FF8A92B2-D114-4690-8103-9DC74FDAC091}.Release|Any CPU.Build.0 = Release|iPhone
		{FF8A92B2-D114-4690-8103-9DC74FDAC091}.Debug|iPhoneSimulator.ActiveCfg = Debug|iPhoneSimulator
		{FF8A92B2-D114-4690-8103-9DC74FDAC091}.Debug|iPhoneSimulator.Build.0 = Debug|iPhoneSimulator
		{FF8A92B2-D114-4690-8103-9DC74FDAC091}.Release|iPhone.ActiveCfg = Release|iPhone
		{FF8A92B2-D114-4690-8103-9DC74FDAC091}.Release|iPhone.Build.0 = Release|iPhone
		{FF8A92B2-D114-4690-8103-9DC74FDAC091}.Release|iPhoneSimulator.ActiveCfg = Release|iPhoneSimulator
		{FF8A92B2-D114-4690-8103-9DC74FDAC091}.Release|iPhoneSimulator.Build.0 = Release|iPhoneSimulator
		{FF8A92B2-D114-4690-8103-9DC74FDAC091}.Debug|iPhone.ActiveCfg = Debug|iPhone
		{FF8A92B2-D114-4690-8103-9DC74FDAC091}.Debug|iPhone.Build.0 = Debug|iPhone
	EndGlobalSection
EndGlobal
