
Microsoft Visual Studio Solution File, Format Version 12.00
# Visual Studio 2012
Project("{FAE04EC0-301F-11D3-BF4B-00C04F79EFBC}") = "cameratest.iOS", "..\iOS\cameratest.iOS.csproj", "{4EAEF4D5-94C6-45D0-BB05-5166CE61EB4F}"
EndProject
Global
	GlobalSection(SolutionConfigurationPlatforms) = preSolution
		Debug|Any CPU = Debug|Any CPU
		Release|Any CPU = Release|Any CPU
		Debug|iPhoneSimulator = Debug|iPhoneSimulator
		Release|iPhone = Release|iPhone
		Release|iPhoneSimulator = Release|iPhoneSimulator
		Debug|iPhone = Debug|iPhone
	EndGlobalSection
	GlobalSection(ProjectConfigurationPlatforms) = postSolution
		{4EAEF4D5-94C6-45D0-BB05-5166CE61EB4F}.Debug|Any CPU.ActiveCfg = Debug|iPhoneSimulator
		{4EAEF4D5-94C6-45D0-BB05-5166CE61EB4F}.Debug|Any CPU.Build.0 = Debug|iPhoneSimulator
		{4EAEF4D5-94C6-45D0-BB05-5166CE61EB4F}.Release|Any CPU.ActiveCfg = Release|iPhone
		{4EAEF4D5-94C6-45D0-BB05-5166CE61EB4F}.Release|Any CPU.Build.0 = Release|iPhone
		{4EAEF4D5-94C6-45D0-BB05-5166CE61EB4F}.Debug|iPhoneSimulator.ActiveCfg = Debug|iPhoneSimulator
		{4EAEF4D5-94C6-45D0-BB05-5166CE61EB4F}.Debug|iPhoneSimulator.Build.0 = Debug|iPhoneSimulator
		{4EAEF4D5-94C6-45D0-BB05-5166CE61EB4F}.Release|iPhone.ActiveCfg = Release|iPhone
		{4EAEF4D5-94C6-45D0-BB05-5166CE61EB4F}.Release|iPhone.Build.0 = Release|iPhone
		{4EAEF4D5-94C6-45D0-BB05-5166CE61EB4F}.Release|iPhoneSimulator.ActiveCfg = Release|iPhoneSimulator
		{4EAEF4D5-94C6-45D0-BB05-5166CE61EB4F}.Release|iPhoneSimulator.Build.0 = Release|iPhoneSimulator
		{4EAEF4D5-94C6-45D0-BB05-5166CE61EB4F}.Debug|iPhone.ActiveCfg = Debug|iPhone
		{4EAEF4D5-94C6-45D0-BB05-5166CE61EB4F}.Debug|iPhone.Build.0 = Debug|iPhone
	EndGlobalSection
EndGlobal
